<?xml version="1.0" encoding="utf-8"?>
<Project ToolsVersion="15.0" xmlns="http://schemas.microsoft.com/developer/msbuild/2003">
  <ItemGroup>
    <ClCompile Include="..\..\extern\glad\src\glad.c">
      <Filter>src</Filter>
    </ClCompile>
  </ItemGroup>
  <ItemGroup>
    <ClInclude Include="..\..\extern\glad\include\glad\glad.h">
      <Filter>include\glad</Filter>
    </ClInclude>
    <ClInclude Include="..\..\extern\glad\include\KHR\khrplatform.h">
      <Filter>include\KHR</Filter>
    </ClInclude>
  </ItemGroup>
  <ItemGroup>
    <Filter Include="include">
      <UniqueIdentifier>{0feb36d4-ded9-b510-4a82-8ce6435f7e81}</UniqueIdentifier>
    </Filter>
    <Filter Include="include\glad">
      <UniqueIdentifier>{f35fd585-9513-b9e0-6330-81b4f1b8e2ae}</UniqueIdentifier>
    </Filter>
    <Filter Include="include\KHR">
      <UniqueIdentifier>{bd3dfd18-e762-54ce-9665-e06716dcab10}</UniqueIdentifier>
    </Filter>
    <Filter Include="src">
      <UniqueIdentifier>{c202d925-8342-8cab-fbac-54dfa101ad31}</UniqueIdentifier>
    </Filter>
  </ItemGroup>
</Project>